
Microsoft Visual Studio Solution File, Format Version 12.00
# Visual Studio Version 16
VisualStudioVersion = 16.0.28803.452
MinimumVisualStudioVersion = 10.0.40219.1
Project("{FAE04EC0-301F-11D3-BF4B-00C04F79EFBC}") = "K.Facade", "K.Facade\K.Facade.csproj", "{CBE7875D-3022-48C0-9CD0-5640F53D1E6C}"
EndProject
Project("{FAE04EC0-301F-11D3-BF4B-00C04F79EFBC}") = "K.Facade.Tests", "K.Facade.Tests\K.Facade.Tests.csproj", "{953C1D40-9803-412E-9169-183D29653DD5}"
EndProject
Global
	GlobalSection(SolutionConfigurationPlatforms) = preSolution
		Debug|Any CPU = Debug|Any CPU
		Release|Any CPU = Release|Any CPU
	EndGlobalSection
	GlobalSection(ProjectConfigurationPlatforms) = postSolution
		{CBE7875D-3022-48C0-9CD0-5640F53D1E6C}.Debug|Any CPU.ActiveCfg = Debug|Any CPU
		{CBE7875D-3022-48C0-9CD0-5640F53D1E6C}.Debug|Any CPU.Build.0 = Debug|Any CPU
		{CBE7875D-3022-48C0-9CD0-5640F53D1E6C}.Release|Any CPU.ActiveCfg = Release|Any CPU
		{CBE7875D-3022-48C0-9CD0-5640F53D1E6C}.Release|Any CPU.Build.0 = Release|Any CPU
		{953C1D40-9803-412E-9169-183D29653DD5}.Debug|Any CPU.ActiveCfg = Debug|Any CPU
		{953C1D40-9803-412E-9169-183D29653DD5}.Debug|Any CPU.Build.0 = Debug|Any CPU
		{953C1D40-9803-412E-9169-183D29653DD5}.Release|Any CPU.ActiveCfg = Release|Any CPU
		{953C1D40-9803-412E-9169-183D29653DD5}.Release|Any CPU.Build.0 = Release|Any CPU
	EndGlobalSection
	GlobalSection(SolutionProperties) = preSolution
		HideSolutionNode = FALSE
	EndGlobalSection
	GlobalSection(ExtensibilityGlobals) = postSolution
		SolutionGuid = {491B341F-7CC0-48B5-B405-B7F12EE1954D}
	EndGlobalSection
EndGlobal
